// !$*UTF8*$!
{
	archiveVersion = 1;
	classes = {
	};
	objectVersion = 50;
	objects = {

/* Begin PBXBuildFile section */
		5876C85CFD8C8984D96EEDF4 /* Pods_ParstagramTests.framework in Frameworks */ = {isa = PBXBuildFile; fileRef = A700DC94ADC973257D01B4A4 /* Pods_ParstagramTests.framework */; };
		6429C797225C52C100BA640C /* AppDelegate.swift in Sources */ = {isa = PBXBuildFile; fileRef = 6429C796225C52C100BA640C /* AppDelegate.swift */; };
		6429C79C225C52C100BA640C /* Main.storyboard in Resources */ = {isa = PBXBuildFile; fileRef = 6429C79A225C52C100BA640C /* Main.storyboard */; };
		6429C79E225C52C400BA640C /* Assets.xcassets in Resources */ = {isa = PBXBuildFile; fileRef = 6429C79D225C52C400BA640C /* Assets.xcassets */; };
		6429C7A1225C52C400BA640C /* LaunchScreen.storyboard in Resources */ = {isa = PBXBuildFile; fileRef = 6429C79F225C52C400BA640C /* LaunchScreen.storyboard */; };
		6429C7AC225C52C400BA640C /* ParstagramTests.swift in Sources */ = {isa = PBXBuildFile; fileRef = 6429C7AB225C52C400BA640C /* ParstagramTests.swift */; };
		6429C7B7225C52C400BA640C /* ParstagramUITests.swift in Sources */ = {isa = PBXBuildFile; fileRef = 6429C7B6225C52C400BA640C /* ParstagramUITests.swift */; };
		6461C7E3225D8100001B889B /* CommentCell.swift in Sources */ = {isa = PBXBuildFile; fileRef = 6461C7E2225D8100001B889B /* CommentCell.swift */; };
		64C99C4C225C5A4700DFD025 /* LoginViewController.swift in Sources */ = {isa = PBXBuildFile; fileRef = 64C99C4B225C5A4700DFD025 /* LoginViewController.swift */; };
		64C99C4E225C5A5000DFD025 /* FeedViewController.swift in Sources */ = {isa = PBXBuildFile; fileRef = 64C99C4D225C5A5000DFD025 /* FeedViewController.swift */; };
		64C99C50225C605300DFD025 /* CameraViewController.swift in Sources */ = {isa = PBXBuildFile; fileRef = 64C99C4F225C605300DFD025 /* CameraViewController.swift */; };
		64C99C52225C6B4500DFD025 /* PostCell.swift in Sources */ = {isa = PBXBuildFile; fileRef = 64C99C51225C6B4500DFD025 /* PostCell.swift */; };
		6D431D4FEAACDCF89D9A95ED /* Pods_Parstagram.framework in Frameworks */ = {isa = PBXBuildFile; fileRef = CF59579CE69145B3F8DEC430 /* Pods_Parstagram.framework */; };
		C14A7B40933F193B2300BE7C /* Pods_ParstagramUITests.framework in Frameworks */ = {isa = PBXBuildFile; fileRef = D6D36C7B9E236E12C2432335 /* Pods_ParstagramUITests.framework */; };
/* End PBXBuildFile section */

/* Begin PBXContainerItemProxy section */
		6429C7A8225C52C400BA640C /* PBXContainerItemProxy */ = {
			isa = PBXContainerItemProxy;
			containerPortal = 6429C78B225C52C100BA640C /* Project object */;
			proxyType = 1;
			remoteGlobalIDString = 6429C792225C52C100BA640C;
			remoteInfo = Parstagram;
		};
		6429C7B3225C52C400BA640C /* PBXContainerItemProxy */ = {
			isa = PBXContainerItemProxy;
			containerPortal = 6429C78B225C52C100BA640C /* Project object */;
			proxyType = 1;
			remoteGlobalIDString = 6429C792225C52C100BA640C;
			remoteInfo = Parstagram;
		};
/* End PBXContainerItemProxy section */

/* Begin PBXFileReference section */
		3BE31B80904361431CDB90C4 /* Pods-ParstagramUITests.debug.xcconfig */ = {isa = PBXFileReference; includeInIndex = 1; lastKnownFileType = text.xcconfig; name = "Pods-ParstagramUITests.debug.xcconfig"; path = "Target Support Files/Pods-ParstagramUITests/Pods-ParstagramUITests.debug.xcconfig"; sourceTree = "<group>"; };
		4A4AA10B277757FE14B35B77 /* Pods-ParstagramTests.debug.xcconfig */ = {isa = PBXFileReference; includeInIndex = 1; lastKnownFileType = text.xcconfig; name = "Pods-ParstagramTests.debug.xcconfig"; path = "Target Support Files/Pods-ParstagramTests/Pods-ParstagramTests.debug.xcconfig"; sourceTree = "<group>"; };
		543AC42482C9582BC9EAC694 /* Pods-Parstagram.release.xcconfig */ = {isa = PBXFileReference; includeInIndex = 1; lastKnownFileType = text.xcconfig; name = "Pods-Parstagram.release.xcconfig"; path = "Target Support Files/Pods-Parstagram/Pods-Parstagram.release.xcconfig"; sourceTree = "<group>"; };
		6429C793225C52C100BA640C /* Parstagram.app */ = {isa = PBXFileReference; explicitFileType = wrapper.application; includeInIndex = 0; path = Parstagram.app; sourceTree = BUILT_PRODUCTS_DIR; };
		6429C796225C52C100BA640C /* AppDelegate.swift */ = {isa = PBXFileReference; lastKnownFileType = sourcecode.swift; path = AppDelegate.swift; sourceTree = "<group>"; };
		6429C79B225C52C100BA640C /* Base */ = {isa = PBXFileReference; lastKnownFileType = file.storyboard; name = Base; path = Base.lproj/Main.storyboard; sourceTree = "<group>"; };
		6429C79D225C52C400BA640C /* Assets.xcassets */ = {isa = PBXFileReference; lastKnownFileType = folder.assetcatalog; path = Assets.xcassets; sourceTree = "<group>"; };
		6429C7A0225C52C400BA640C /* Base */ = {isa = PBXFileReference; lastKnownFileType = file.storyboard; name = Base; path = Base.lproj/LaunchScreen.storyboard; sourceTree = "<group>"; };
		6429C7A2225C52C400BA640C /* Info.plist */ = {isa = PBXFileReference; lastKnownFileType = text.plist.xml; path = Info.plist; sourceTree = "<group>"; };
		6429C7A7225C52C400BA640C /* ParstagramTests.xctest */ = {isa = PBXFileReference; explicitFileType = wrapper.cfbundle; includeInIndex = 0; path = ParstagramTests.xctest; sourceTree = BUILT_PRODUCTS_DIR; };
		6429C7AB225C52C400BA640C /* ParstagramTests.swift */ = {isa = PBXFileReference; lastKnownFileType = sourcecode.swift; path = ParstagramTests.swift; sourceTree = "<group>"; };
		6429C7AD225C52C400BA640C /* Info.plist */ = {isa = PBXFileReference; lastKnownFileType = text.plist.xml; path = Info.plist; sourceTree = "<group>"; };
		6429C7B2225C52C400BA640C /* ParstagramUITests.xctest */ = {isa = PBXFileReference; explicitFileType = wrapper.cfbundle; includeInIndex = 0; path = ParstagramUITests.xctest; sourceTree = BUILT_PRODUCTS_DIR; };
		6429C7B6225C52C400BA640C /* ParstagramUITests.swift */ = {isa = PBXFileReference; lastKnownFileType = sourcecode.swift; path = ParstagramUITests.swift; sourceTree = "<group>"; };
		6429C7B8225C52C400BA640C /* Info.plist */ = {isa = PBXFileReference; lastKnownFileType = text.plist.xml; path = Info.plist; sourceTree = "<group>"; };
		6461C7E2225D8100001B889B /* CommentCell.swift */ = {isa = PBXFileReference; lastKnownFileType = sourcecode.swift; path = CommentCell.swift; sourceTree = "<group>"; };
		64C99C4B225C5A4700DFD025 /* LoginViewController.swift */ = {isa = PBXFileReference; lastKnownFileType = sourcecode.swift; path = LoginViewController.swift; sourceTree = "<group>"; };
		64C99C4D225C5A5000DFD025 /* FeedViewController.swift */ = {isa = PBXFileReference; lastKnownFileType = sourcecode.swift; path = FeedViewController.swift; sourceTree = "<group>"; };
		64C99C4F225C605300DFD025 /* CameraViewController.swift */ = {isa = PBXFileReference; lastKnownFileType = sourcecode.swift; path = CameraViewController.swift; sourceTree = "<group>"; };
		64C99C51225C6B4500DFD025 /* PostCell.swift */ = {isa = PBXFileReference; lastKnownFileType = sourcecode.swift; path = PostCell.swift; sourceTree = "<group>"; };
		772889FF6AC838AFE8156178 /* Pods-Parstagram.debug.xcconfig */ = {isa = PBXFileReference; includeInIndex = 1; lastKnownFileType = text.xcconfig; name = "Pods-Parstagram.debug.xcconfig"; path = "Target Support Files/Pods-Parstagram/Pods-Parstagram.debug.xcconfig"; sourceTree = "<group>"; };
		A700DC94ADC973257D01B4A4 /* Pods_ParstagramTests.framework */ = {isa = PBXFileReference; explicitFileType = wrapper.framework; includeInIndex = 0; path = Pods_ParstagramTests.framework; sourceTree = BUILT_PRODUCTS_DIR; };
		C9A1B5BEB57A802455AC026E /* Pods-ParstagramUITests.release.xcconfig */ = {isa = PBXFileReference; includeInIndex = 1; lastKnownFileType = text.xcconfig; name = "Pods-ParstagramUITests.release.xcconfig"; path = "Target Support Files/Pods-ParstagramUITests/Pods-ParstagramUITests.release.xcconfig"; sourceTree = "<group>"; };
		CF59579CE69145B3F8DEC430 /* Pods_Parstagram.framework */ = {isa = PBXFileReference; explicitFileType = wrapper.framework; includeInIndex = 0; path = Pods_Parstagram.framework; sourceTree = BUILT_PRODUCTS_DIR; };
		D20FE10DEDF8B35B34F49E9C /* Pods-ParstagramTests.release.xcconfig */ = {isa = PBXFileReference; includeInIndex = 1; lastKnownFileType = text.xcconfig; name = "Pods-ParstagramTests.release.xcconfig"; path = "Target Support Files/Pods-ParstagramTests/Pods-ParstagramTests.release.xcconfig"; sourceTree = "<group>"; };
		D6D36C7B9E236E12C2432335 /* Pods_ParstagramUITests.framework */ = {isa = PBXFileReference; explicitFileType = wrapper.framework; includeInIndex = 0; path = Pods_ParstagramUITests.framework; sourceTree = BUILT_PRODUCTS_DIR; };
/* End PBXFileReference section */

/* Begin PBXFrameworksBuildPhase section */
		6429C790225C52C100BA640C /* Frameworks */ = {
			isa = PBXFrameworksBuildPhase;
			buildActionMask = 2147483647;
			files = (
				6D431D4FEAACDCF89D9A95ED /* Pods_Parstagram.framework in Frameworks */,
			);
			runOnlyForDeploymentPostprocessing = 0;
		};
		6429C7A4225C52C400BA640C /* Frameworks */ = {
			isa = PBXFrameworksBuildPhase;
			buildActionMask = 2147483647;
			files = (
				5876C85CFD8C8984D96EEDF4 /* Pods_ParstagramTests.framework in Frameworks */,
			);
			runOnlyForDeploymentPostprocessing = 0;
		};
		6429C7AF225C52C400BA640C /* Frameworks */ = {
			isa = PBXFrameworksBuildPhase;
			buildActionMask = 2147483647;
			files = (
				C14A7B40933F193B2300BE7C /* Pods_ParstagramUITests.framework in Frameworks */,
			);
			runOnlyForDeploymentPostprocessing = 0;
		};
/* End PBXFrameworksBuildPhase section */

/* Begin PBXGroup section */
		3E73BE0B9F60C11EA49D589D /* Frameworks */ = {
			isa = PBXGroup;
			children = (
				CF59579CE69145B3F8DEC430 /* Pods_Parstagram.framework */,
				A700DC94ADC973257D01B4A4 /* Pods_ParstagramTests.framework */,
				D6D36C7B9E236E12C2432335 /* Pods_ParstagramUITests.framework */,
			);
			name = Frameworks;
			sourceTree = "<group>";
		};
		6429C78A225C52C100BA640C = {
			isa = PBXGroup;
			children = (
				6429C795225C52C100BA640C /* Parstagram */,
				6429C7AA225C52C400BA640C /* ParstagramTests */,
				6429C7B5225C52C400BA640C /* ParstagramUITests */,
				6429C794225C52C100BA640C /* Products */,
				A9A12E69AC2FB3A7EFB97447 /* Pods */,
				3E73BE0B9F60C11EA49D589D /* Frameworks */,
			);
			sourceTree = "<group>";
		};
		6429C794225C52C100BA640C /* Products */ = {
			isa = PBXGroup;
			children = (
				6429C793225C52C100BA640C /* Parstagram.app */,
				6429C7A7225C52C400BA640C /* ParstagramTests.xctest */,
				6429C7B2225C52C400BA640C /* ParstagramUITests.xctest */,
			);
			name = Products;
			sourceTree = "<group>";
		};
		6429C795225C52C100BA640C /* Parstagram */ = {
			isa = PBXGroup;
			children = (
				6429C796225C52C100BA640C /* AppDelegate.swift */,
				6429C79A225C52C100BA640C /* Main.storyboard */,
				6429C79D225C52C400BA640C /* Assets.xcassets */,
				6429C79F225C52C400BA640C /* LaunchScreen.storyboard */,
				6429C7A2225C52C400BA640C /* Info.plist */,
				64C99C4B225C5A4700DFD025 /* LoginViewController.swift */,
				64C99C4D225C5A5000DFD025 /* FeedViewController.swift */,
				64C99C4F225C605300DFD025 /* CameraViewController.swift */,
				64C99C51225C6B4500DFD025 /* PostCell.swift */,
				6461C7E2225D8100001B889B /* CommentCell.swift */,
			);
			path = Parstagram;
			sourceTree = "<group>";
		};
		6429C7AA225C52C400BA640C /* ParstagramTests */ = {
			isa = PBXGroup;
			children = (
				6429C7AB225C52C400BA640C /* ParstagramTests.swift */,
				6429C7AD225C52C400BA640C /* Info.plist */,
			);
			path = ParstagramTests;
			sourceTree = "<group>";
		};
		6429C7B5225C52C400BA640C /* ParstagramUITests */ = {
			isa = PBXGroup;
			children = (
				6429C7B6225C52C400BA640C /* ParstagramUITests.swift */,
				6429C7B8225C52C400BA640C /* Info.plist */,
			);
			path = ParstagramUITests;
			sourceTree = "<group>";
		};
		A9A12E69AC2FB3A7EFB97447 /* Pods */ = {
			isa = PBXGroup;
			children = (
				772889FF6AC838AFE8156178 /* Pods-Parstagram.debug.xcconfig */,
				543AC42482C9582BC9EAC694 /* Pods-Parstagram.release.xcconfig */,
				4A4AA10B277757FE14B35B77 /* Pods-ParstagramTests.debug.xcconfig */,
				D20FE10DEDF8B35B34F49E9C /* Pods-ParstagramTests.release.xcconfig */,
				3BE31B80904361431CDB90C4 /* Pods-ParstagramUITests.debug.xcconfig */,
				C9A1B5BEB57A802455AC026E /* Pods-ParstagramUITests.release.xcconfig */,
			);
			path = Pods;
			sourceTree = "<group>";
		};
/* End PBXGroup section */

/* Begin PBXNativeTarget section */
		6429C792225C52C100BA640C /* Parstagram */ = {
			isa = PBXNativeTarget;
			buildConfigurationList = 6429C7BB225C52C400BA640C /* Build configuration list for PBXNativeTarget "Parstagram" */;
			buildPhases = (
				66707E5352C3A82479BDB8FE /* [CP] Check Pods Manifest.lock */,
				6429C78F225C52C100BA640C /* Sources */,
				6429C790225C52C100BA640C /* Frameworks */,
				6429C791225C52C100BA640C /* Resources */,
				815D68F5A137C5CEC2969AC5 /* [CP] Embed Pods Frameworks */,
			);
			buildRules = (
			);
			dependencies = (
			);
			name = Parstagram;
			productName = Parstagram;
			productReference = 6429C793225C52C100BA640C /* Parstagram.app */;
			productType = "com.apple.product-type.application";
		};
		6429C7A6225C52C400BA640C /* ParstagramTests */ = {
			isa = PBXNativeTarget;
			buildConfigurationList = 6429C7BE225C52C400BA640C /* Build configuration list for PBXNativeTarget "ParstagramTests" */;
			buildPhases = (
				2C35B734F313A8C93B464003 /* [CP] Check Pods Manifest.lock */,
				6429C7A3225C52C400BA640C /* Sources */,
				6429C7A4225C52C400BA640C /* Frameworks */,
				6429C7A5225C52C400BA640C /* Resources */,
			);
			buildRules = (
			);
			dependencies = (
				6429C7A9225C52C400BA640C /* PBXTargetDependency */,
			);
			name = ParstagramTests;
			productName = ParstagramTests;
			productReference = 6429C7A7225C52C400BA640C /* ParstagramTests.xctest */;
			productType = "com.apple.product-type.bundle.unit-test";
		};
		6429C7B1225C52C400BA640C /* ParstagramUITests */ = {
			isa = PBXNativeTarget;
			buildConfigurationList = 6429C7C1225C52C400BA640C /* Build configuration list for PBXNativeTarget "ParstagramUITests" */;
			buildPhases = (
				342B46DCC464F3B0F23C1C8D /* [CP] Check Pods Manifest.lock */,
				6429C7AE225C52C400BA640C /* Sources */,
				6429C7AF225C52C400BA640C /* Frameworks */,
				6429C7B0225C52C400BA640C /* Resources */,
			);
			buildRules = (
			);
			dependencies = (
				6429C7B4225C52C400BA640C /* PBXTargetDependency */,
			);
			name = ParstagramUITests;
			productName = ParstagramUITests;
			productReference = 6429C7B2225C52C400BA640C /* ParstagramUITests.xctest */;
			productType = "com.apple.product-type.bundle.ui-testing";
		};
/* End PBXNativeTarget section */

/* Begin PBXProject section */
		6429C78B225C52C100BA640C /* Project object */ = {
			isa = PBXProject;
			attributes = {
				LastSwiftUpdateCheck = 1020;
				LastUpgradeCheck = 1020;
				ORGANIZATIONNAME = "echang41@gmail.com";
				TargetAttributes = {
					6429C792225C52C100BA640C = {
						CreatedOnToolsVersion = 10.2;
					};
					6429C7A6225C52C400BA640C = {
						CreatedOnToolsVersion = 10.2;
						TestTargetID = 6429C792225C52C100BA640C;
					};
					6429C7B1225C52C400BA640C = {
						CreatedOnToolsVersion = 10.2;
						TestTargetID = 6429C792225C52C100BA640C;
					};
				};
			};
			buildConfigurationList = 6429C78E225C52C100BA640C /* Build configuration list for PBXProject "Parstagram" */;
			compatibilityVersion = "Xcode 9.3";
			developmentRegion = en;
			hasScannedForEncodings = 0;
			knownRegions = (
				en,
				Base,
			);
			mainGroup = 6429C78A225C52C100BA640C;
			productRefGroup = 6429C794225C52C100BA640C /* Products */;
			projectDirPath = "";
			projectRoot = "";
			targets = (
				6429C792225C52C100BA640C /* Parstagram */,
				6429C7A6225C52C400BA640C /* ParstagramTests */,
				6429C7B1225C52C400BA640C /* ParstagramUITests */,
			);
		};
/* End PBXProject section */

/* Begin PBXResourcesBuildPhase section */
		6429C791225C52C100BA640C /* Resources */ = {
			isa = PBXResourcesBuildPhase;
			buildActionMask = 2147483647;
			files = (
				6429C7A1225C52C400BA640C /* LaunchScreen.storyboard in Resources */,
				6429C79E225C52C400BA640C /* Assets.xcassets in Resources */,
				6429C79C225C52C100BA640C /* Main.storyboard in Resources */,
			);
			runOnlyForDeploymentPostprocessing = 0;
		};
		6429C7A5225C52C400BA640C /* Resources */ = {
			isa = PBXResourcesBuildPhase;
			buildActionMask = 2147483647;
			files = (
			);
			runOnlyForDeploymentPostprocessing = 0;
		};
		6429C7B0225C52C400BA640C /* Resources */ = {
			isa = PBXResourcesBuildPhase;
			buildActionMask = 2147483647;
			files = (
			);
			runOnlyForDeploymentPostprocessing = 0;
		};
/* End PBXResourcesBuildPhase section */

/* Begin PBXShellScriptBuildPhase section */
		2C35B734F313A8C93B464003 /* [CP] Check Pods Manifest.lock */ = {
			isa = PBXShellScriptBuildPhase;
			buildActionMask = 2147483647;
			files = (
			);
			inputFileListPaths = (
			);
			inputPaths = (
				"${PODS_PODFILE_DIR_PATH}/Podfile.lock",
				"${PODS_ROOT}/Manifest.lock",
			);
			name = "[CP] Check Pods Manifest.lock";
			outputFileListPaths = (
			);
			outputPaths = (
				"$(DERIVED_FILE_DIR)/Pods-ParstagramTests-checkManifestLockResult.txt",
			);
			runOnlyForDeploymentPostprocessing = 0;
			shellPath = /bin/sh;
			shellScript = "diff \"${PODS_PODFILE_DIR_PATH}/Podfile.lock\" \"${PODS_ROOT}/Manifest.lock\" > /dev/null\nif [ $? != 0 ] ; then\n    # print error to STDERR\n    echo \"error: The sandbox is not in sync with the Podfile.lock. Run 'pod install' or update your CocoaPods installation.\" >&2\n    exit 1\nfi\n# This output is used by Xcode 'outputs' to avoid re-running this script phase.\necho \"SUCCESS\" > \"${SCRIPT_OUTPUT_FILE_0}\"\n";
			showEnvVarsInLog = 0;
		};
		342B46DCC464F3B0F23C1C8D /* [CP] Check Pods Manifest.lock */ = {
			isa = PBXShellScriptBuildPhase;
			buildActionMask = 2147483647;
			files = (
			);
			inputFileListPaths = (
			);
			inputPaths = (
				"${PODS_PODFILE_DIR_PATH}/Podfile.lock",
				"${PODS_ROOT}/Manifest.lock",
			);
			name = "[CP] Check Pods Manifest.lock";
			outputFileListPaths = (
			);
			outputPaths = (
				"$(DERIVED_FILE_DIR)/Pods-ParstagramUITests-checkManifestLockResult.txt",
			);
			runOnlyForDeploymentPostprocessing = 0;
			shellPath = /bin/sh;
			shellScript = "diff \"${PODS_PODFILE_DIR_PATH}/Podfile.lock\" \"${PODS_ROOT}/Manifest.lock\" > /dev/null\nif [ $? != 0 ] ; then\n    # print error to STDERR\n    echo \"error: The sandbox is not in sync with the Podfile.lock. Run 'pod install' or update your CocoaPods installation.\" >&2\n    exit 1\nfi\n# This output is used by Xcode 'outputs' to avoid re-running this script phase.\necho \"SUCCESS\" > \"${SCRIPT_OUTPUT_FILE_0}\"\n";
			showEnvVarsInLog = 0;
		};
		66707E5352C3A82479BDB8FE /* [CP] Check Pods Manifest.lock */ = {
			isa = PBXShellScriptBuildPhase;
			buildActionMask = 2147483647;
			files = (
			);
			inputFileListPaths = (
			);
			inputPaths = (
				"${PODS_PODFILE_DIR_PATH}/Podfile.lock",
				"${PODS_ROOT}/Manifest.lock",
			);
			name = "[CP] Check Pods Manifest.lock";
			outputFileListPaths = (
			);
			outputPaths = (
				"$(DERIVED_FILE_DIR)/Pods-Parstagram-checkManifestLockResult.txt",
			);
			runOnlyForDeploymentPostprocessing = 0;
			shellPath = /bin/sh;
			shellScript = "diff \"${PODS_PODFILE_DIR_PATH}/Podfile.lock\" \"${PODS_ROOT}/Manifest.lock\" > /dev/null\nif [ $? != 0 ] ; then\n    # print error to STDERR\n    echo \"error: The sandbox is not in sync with the Podfile.lock. Run 'pod install' or update your CocoaPods installation.\" >&2\n    exit 1\nfi\n# This output is used by Xcode 'outputs' to avoid re-running this script phase.\necho \"SUCCESS\" > \"${SCRIPT_OUTPUT_FILE_0}\"\n";
			showEnvVarsInLog = 0;
		};
		815D68F5A137C5CEC2969AC5 /* [CP] Embed Pods Frameworks */ = {
			isa = PBXShellScriptBuildPhase;
			buildActionMask = 2147483647;
			files = (
			);
			inputFileListPaths = (
			);
			inputPaths = (
				"${PODS_ROOT}/Target Support Files/Pods-Parstagram/Pods-Parstagram-frameworks.sh",
				"${BUILT_PRODUCTS_DIR}/Alamofire/Alamofire.framework",
				"${BUILT_PRODUCTS_DIR}/AlamofireImage/AlamofireImage.framework",
				"${BUILT_PRODUCTS_DIR}/Bolts/Bolts.framework",
				"${BUILT_PRODUCTS_DIR}/MessageInputBar/MessageInputBar.framework",
				"${BUILT_PRODUCTS_DIR}/Parse/Parse.framework",
			);
			name = "[CP] Embed Pods Frameworks";
			outputFileListPaths = (
			);
			outputPaths = (
				"${TARGET_BUILD_DIR}/${FRAMEWORKS_FOLDER_PATH}/Alamofire.framework",
				"${TARGET_BUILD_DIR}/${FRAMEWORKS_FOLDER_PATH}/AlamofireImage.framework",
				"${TARGET_BUILD_DIR}/${FRAMEWORKS_FOLDER_PATH}/Bolts.framework",
				"${TARGET_BUILD_DIR}/${FRAMEWORKS_FOLDER_PATH}/MessageInputBar.framework",
				"${TARGET_BUILD_DIR}/${FRAMEWORKS_FOLDER_PATH}/Parse.framework",
			);
			runOnlyForDeploymentPostprocessing = 0;
			shellPath = /bin/sh;
			shellScript = "\"${PODS_ROOT}/Target Support Files/Pods-Parstagram/Pods-Parstagram-frameworks.sh\"\n";
			showEnvVarsInLog = 0;
		};
/* End PBXShellScriptBuildPhase section */

/* Begin PBXSourcesBuildPhase section */
		6429C78F225C52C100BA640C /* Sources */ = {
			isa = PBXSourcesBuildPhase;
			buildActionMask = 2147483647;
			files = (
				64C99C4C225C5A4700DFD025 /* LoginViewController.swift in Sources */,
				64C99C50225C605300DFD025 /* CameraViewController.swift in Sources */,
				64C99C4E225C5A5000DFD025 /* FeedViewController.swift in Sources */,
				6429C797225C52C100BA640C /* AppDelegate.swift in Sources */,
				64C99C52225C6B4500DFD025 /* PostCell.swift in Sources */,
				6461C7E3225D8100001B889B /* CommentCell.swift in Sources */,
			);
			runOnlyForDeploymentPostprocessing = 0;
		};
		6429C7A3225C52C400BA640C /* Sources */ = {
			isa = PBXSourcesBuildPhase;
			buildActionMask = 2147483647;
			files = (
				6429C7AC225C52C400BA640C /* ParstagramTests.swift in Sources */,
			);
			runOnlyForDeploymentPostprocessing = 0;
		};
		6429C7AE225C52C400BA640C /* Sources */ = {
			isa = PBXSourcesBuildPhase;
			buildActionMask = 2147483647;
			files = (
				6429C7B7225C52C400BA640C /* ParstagramUITests.swift in Sources */,
			);
			runOnlyForDeploymentPostprocessing = 0;
		};
/* End PBXSourcesBuildPhase section */

/* Begin PBXTargetDependency section */
		6429C7A9225C52C400BA640C /* PBXTargetDependency */ = {
			isa = PBXTargetDependency;
			target = 6429C792225C52C100BA640C /* Parstagram */;
			targetProxy = 6429C7A8225C52C400BA640C /* PBXContainerItemProxy */;
		};
		6429C7B4225C52C400BA640C /* PBXTargetDependency */ = {
			isa = PBXTargetDependency;
			target = 6429C792225C52C100BA640C /* Parstagram */;
			targetProxy = 6429C7B3225C52C400BA640C /* PBXContainerItemProxy */;
		};
/* End PBXTargetDependency section */

/* Begin PBXVariantGroup section */
		6429C79A225C52C100BA640C /* Main.storyboard */ = {
			isa = PBXVariantGroup;
			children = (
				6429C79B225C52C100BA640C /* Base */,
			);
			name = Main.storyboard;
			sourceTree = "<group>";
		};
		6429C79F225C52C400BA640C /* LaunchScreen.storyboard */ = {
			isa = PBXVariantGroup;
			children = (
				6429C7A0225C52C400BA640C /* Base */,
			);
			name = LaunchScreen.storyboard;
			sourceTree = "<group>";
		};
/* End PBXVariantGroup section */

/* Begin XCBuildConfiguration section */
		6429C7B9225C52C400BA640C /* Debug */ = {
			isa = XCBuildConfiguration;
			buildSettings = {
				ALWAYS_SEARCH_USER_PATHS = NO;
				CLANG_ANALYZER_NONNULL = YES;
				CLANG_ANALYZER_NUMBER_OBJECT_CONVERSION = YES_AGGRESSIVE;
				CLANG_CXX_LANGUAGE_STANDARD = "gnu++14";
				CLANG_CXX_LIBRARY = "libc++";
				CLANG_ENABLE_MODULES = YES;
				CLANG_ENABLE_OBJC_ARC = YES;
				CLANG_ENABLE_OBJC_WEAK = YES;
				CLANG_WARN_BLOCK_CAPTURE_AUTORELEASING = YES;
				CLANG_WARN_BOOL_CONVERSION = YES;
				CLANG_WARN_COMMA = YES;
				CLANG_WARN_CONSTANT_CONVERSION = YES;
				CLANG_WARN_DEPRECATED_OBJC_IMPLEMENTATIONS = YES;
				CLANG_WARN_DIRECT_OBJC_ISA_USAGE = YES_ERROR;
				CLANG_WARN_DOCUMENTATION_COMMENTS = YES;
				CLANG_WARN_EMPTY_BODY = YES;
				CLANG_WARN_ENUM_CONVERSION = YES;
				CLANG_WARN_INFINITE_RECURSION = YES;
				CLANG_WARN_INT_CONVERSION = YES;
				CLANG_WARN_NON_LITERAL_NULL_CONVERSION = YES;
				CLANG_WARN_OBJC_IMPLICIT_RETAIN_SELF = YES;
				CLANG_WARN_OBJC_LITERAL_CONVERSION = YES;
				CLANG_WARN_OBJC_ROOT_CLASS = YES_ERROR;
				CLANG_WARN_RANGE_LOOP_ANALYSIS = YES;
				CLANG_WARN_STRICT_PROTOTYPES = YES;
				CLANG_WARN_SUSPICIOUS_MOVE = YES;
				CLANG_WARN_UNGUARDED_AVAILABILITY = YES_AGGRESSIVE;
				CLANG_WARN_UNREACHABLE_CODE = YES;
				CLANG_WARN__DUPLICATE_METHOD_MATCH = YES;
				CODE_SIGN_IDENTITY = "iPhone Developer";
				COPY_PHASE_STRIP = NO;
				DEBUG_INFORMATION_FORMAT = dwarf;
				ENABLE_STRICT_OBJC_MSGSEND = YES;
				ENABLE_TESTABILITY = YES;
				GCC_C_LANGUAGE_STANDARD = gnu11;
				GCC_DYNAMIC_NO_PIC = NO;
				GCC_NO_COMMON_BLOCKS = YES;
				GCC_OPTIMIZATION_LEVEL = 0;
				GCC_PREPROCESSOR_DEFINITIONS = (
					"DEBUG=1",
					"$(inherited)",
				);
				GCC_WARN_64_TO_32_BIT_CONVERSION = YES;
				GCC_WARN_ABOUT_RETURN_TYPE = YES_ERROR;
				GCC_WARN_UNDECLARED_SELECTOR = YES;
				GCC_WARN_UNINITIALIZED_AUTOS = YES_AGGRESSIVE;
				GCC_WARN_UNUSED_FUNCTION = YES;
				GCC_WARN_UNUSED_VARIABLE = YES;
				IPHONEOS_DEPLOYMENT_TARGET = 12.2;
				MTL_ENABLE_DEBUG_INFO = INCLUDE_SOURCE;
				MTL_FAST_MATH = YES;
				ONLY_ACTIVE_ARCH = YES;
				SDKROOT = iphoneos;
				SWIFT_ACTIVE_COMPILATION_CONDITIONS = DEBUG;
				SWIFT_OPTIMIZATION_LEVEL = "-Onone";
			};
			name = Debug;
		};
		6429C7BA225C52C400BA640C /* Release */ = {
			isa = XCBuildConfiguration;
			buildSettings = {
				ALWAYS_SEARCH_USER_PATHS = NO;
				CLANG_ANALYZER_NONNULL = YES;
				CLANG_ANALYZER_NUMBER_OBJECT_CONVERSION = YES_AGGRESSIVE;
				CLANG_CXX_LANGUAGE_STANDARD = "gnu++14";
				CLANG_CXX_LIBRARY = "libc++";
				CLANG_ENABLE_MODULES = YES;
				CLANG_ENABLE_OBJC_ARC = YES;
				CLANG_ENABLE_OBJC_WEAK = YES;
				CLANG_WARN_BLOCK_CAPTURE_AUTORELEASING = YES;
				CLANG_WARN_BOOL_CONVERSION = YES;
				CLANG_WARN_COMMA = YES;
				CLANG_WARN_CONSTANT_CONVERSION = YES;
				CLANG_WARN_DEPRECATED_OBJC_IMPLEMENTATIONS = YES;
				CLANG_WARN_DIRECT_OBJC_ISA_USAGE = YES_ERROR;
				CLANG_WARN_DOCUMENTATION_COMMENTS = YES;
				CLANG_WARN_EMPTY_BODY = YES;
				CLANG_WARN_ENUM_CONVERSION = YES;
				CLANG_WARN_INFINITE_RECURSION = YES;
				CLANG_WARN_INT_CONVERSION = YES;
				CLANG_WARN_NON_LITERAL_NULL_CONVERSION = YES;
				CLANG_WARN_OBJC_IMPLICIT_RETAIN_SELF = YES;
				CLANG_WARN_OBJC_LITERAL_CONVERSION = YES;
				CLANG_WARN_OBJC_ROOT_CLASS = YES_ERROR;
				CLANG_WARN_RANGE_LOOP_ANALYSIS = YES;
				CLANG_WARN_STRICT_PROTOTYPES = YES;
				CLANG_WARN_SUSPICIOUS_MOVE = YES;
				CLANG_WARN_UNGUARDED_AVAILABILITY = YES_AGGRESSIVE;
				CLANG_WARN_UNREACHABLE_CODE = YES;
				CLANG_WARN__DUPLICATE_METHOD_MATCH = YES;
				CODE_SIGN_IDENTITY = "iPhone Developer";
				COPY_PHASE_STRIP = NO;
				DEBUG_INFORMATION_FORMAT = "dwarf-with-dsym";
				ENABLE_NS_ASSERTIONS = NO;
				ENABLE_STRICT_OBJC_MSGSEND = YES;
				GCC_C_LANGUAGE_STANDARD = gnu11;
				GCC_NO_COMMON_BLOCKS = YES;
				GCC_WARN_64_TO_32_BIT_CONVERSION = YES;
				GCC_WARN_ABOUT_RETURN_TYPE = YES_ERROR;
				GCC_WARN_UNDECLARED_SELECTOR = YES;
				GCC_WARN_UNINITIALIZED_AUTOS = YES_AGGRESSIVE;
				GCC_WARN_UNUSED_FUNCTION = YES;
				GCC_WARN_UNUSED_VARIABLE = YES;
				IPHONEOS_DEPLOYMENT_TARGET = 12.2;
				MTL_ENABLE_DEBUG_INFO = NO;
				MTL_FAST_MATH = YES;
				SDKROOT = iphoneos;
				SWIFT_COMPILATION_MODE = wholemodule;
				SWIFT_OPTIMIZATION_LEVEL = "-O";
				VALIDATE_PRODUCT = YES;
			};
			name = Release;
		};
		6429C7BC225C52C400BA640C /* Debug */ = {
			isa = XCBuildConfiguration;
			baseConfigurationReference = 772889FF6AC838AFE8156178 /* Pods-Parstagram.debug.xcconfig */;
			buildSettings = {
				ASSETCATALOG_COMPILER_APPICON_NAME = AppIcon;
				CODE_SIGN_STYLE = Automatic;
				DEVELOPMENT_TEAM = 8W23B549HK;
				INFOPLIST_FILE = Parstagram/Info.plist;
				LD_RUNPATH_SEARCH_PATHS = (
					"$(inherited)",
					"@executable_path/Frameworks",
				);
				PRODUCT_BUNDLE_IDENTIFIER = "Ellis-Chang.Parstagram";
				PRODUCT_NAME = "$(TARGET_NAME)";
				SWIFT_VERSION = 5.0;
				TARGETED_DEVICE_FAMILY = "1,2";
			};
			name = Debug;
		};
		6429C7BD225C52C400BA640C /* Release */ = {
			isa = XCBuildConfiguration;
			baseConfigurationReference = 543AC42482C9582BC9EAC694 /* Pods-Parstagram.release.xcconfig */;
			buildSettings = {
				ASSETCATALOG_COMPILER_APPICON_NAME = AppIcon;
				CODE_SIGN_STYLE = Automatic;
				DEVELOPMENT_TEAM = 8W23B549HK;
				INFOPLIST_FILE = Parstagram/Info.plist;
				LD_RUNPATH_SEARCH_PATHS = (
					"$(inherited)",
					"@executable_path/Frameworks",
				);
				PRODUCT_BUNDLE_IDENTIFIER = "Ellis-Chang.Parstagram";
				PRODUCT_NAME = "$(TARGET_NAME)";
				SWIFT_VERSION = 5.0;
				TARGETED_DEVICE_FAMILY = "1,2";
			};
			name = Release;
		};
		6429C7BF225C52C400BA640C /* Debug */ = {
			isa = XCBuildConfiguration;
			baseConfigurationReference = 4A4AA10B277757FE14B35B77 /* Pods-ParstagramTests.debug.xcconfig */;
			buildSettings = {
				ALWAYS_EMBED_SWIFT_STANDARD_LIBRARIES = YES;
				BUNDLE_LOADER = "$(TEST_HOST)";
				CODE_SIGN_STYLE = Automatic;
				INFOPLIST_FILE = ParstagramTests/Info.plist;
				LD_RUNPATH_SEARCH_PATHS = (
					"$(inherited)",
					"@executable_path/Frameworks",
					"@loader_path/Frameworks",
				);
				PRODUCT_BUNDLE_IDENTIFIER = "Ellis-Chang.ParstagramTests";
				PRODUCT_NAME = "$(TARGET_NAME)";
				SWIFT_VERSION = 5.0;
				TARGETED_DEVICE_FAMILY = "1,2";
				TEST_HOST = "$(BUILT_PRODUCTS_DIR)/Parstagram.app/Parstagram";
			};
			name = Debug;
		};
		6429C7C0225C52C400BA640C /* Release */ = {
			isa = XCBuildConfiguration;
			baseConfigurationReference = D20FE10DEDF8B35B34F49E9C /* Pods-ParstagramTests.release.xcconfig */;
			buildSettings = {
				ALWAYS_EMBED_SWIFT_STANDARD_LIBRARIES = YES;
				BUNDLE_LOADER = "$(TEST_HOST)";
				CODE_SIGN_STYLE = Automatic;
				INFOPLIST_FILE = ParstagramTests/Info.plist;
				LD_RUNPATH_SEARCH_PATHS = (
					"$(inherited)",
					"@executable_path/Frameworks",
					"@loader_path/Frameworks",
				);
				PRODUCT_BUNDLE_IDENTIFIER = "Ellis-Chang.ParstagramTests";
				PRODUCT_NAME = "$(TARGET_NAME)";
				SWIFT_VERSION = 5.0;
				TARGETED_DEVICE_FAMILY = "1,2";
				TEST_HOST = "$(BUILT_PRODUCTS_DIR)/Parstagram.app/Parstagram";
			};
			name = Release;
		};
		6429C7C2225C52C400BA640C /* Debug */ = {
			isa = XCBuildConfiguration;
			baseConfigurationReference = 3BE31B80904361431CDB90C4 /* Pods-ParstagramUITests.debug.xcconfig */;
			buildSettings = {
				ALWAYS_EMBED_SWIFT_STANDARD_LIBRARIES = YES;
				CODE_SIGN_STYLE = Automatic;
				INFOPLIST_FILE = ParstagramUITests/Info.plist;
				LD_RUNPATH_SEARCH_PATHS = (
					"$(inherited)",
					"@executable_path/Frameworks",
					"@loader_path/Frameworks",
				);
				PRODUCT_BUNDLE_IDENTIFIER = "Ellis-Chang.ParstagramUITests";
				PRODUCT_NAME = "$(TARGET_NAME)";
				SWIFT_VERSION = 5.0;
				TARGETED_DEVICE_FAMILY = "1,2";
				TEST_TARGET_NAME = Parstagram;
			};
			name = Debug;
		};
		6429C7C3225C52C400BA640C /* Release */ = {
			isa = XCBuildConfiguration;
			baseConfigurationReference = C9A1B5BEB57A802455AC026E /* Pods-ParstagramUITests.release.xcconfig */;
			buildSettings = {
				ALWAYS_EMBED_SWIFT_STANDARD_LIBRARIES = YES;
				CODE_SIGN_STYLE = Automatic;
				INFOPLIST_FILE = ParstagramUITests/Info.plist;
				LD_RUNPATH_SEARCH_PATHS = (
					"$(inherited)",
					"@executable_path/Frameworks",
					"@loader_path/Frameworks",
				);
				PRODUCT_BUNDLE_IDENTIFIER = "Ellis-Chang.ParstagramUITests";
				PRODUCT_NAME = "$(TARGET_NAME)";
				SWIFT_VERSION = 5.0;
				TARGETED_DEVICE_FAMILY = "1,2";
				TEST_TARGET_NAME = Parstagram;
			};
			name = Release;
		};
/* End XCBuildConfiguration section */

/* Begin XCConfigurationList section */
		6429C78E225C52C100BA640C /* Build configuration list for PBXProject "Parstagram" */ = {
			isa = XCConfigurationList;
			buildConfigurations = (
				6429C7B9225C52C400BA640C /* Debug */,
				6429C7BA225C52C400BA640C /* Release */,
			);
			defaultConfigurationIsVisible = 0;
			defaultConfigurationName = Release;
		};
		6429C7BB225C52C400BA640C /* Build configuration list for PBXNativeTarget "Parstagram" */ = {
			isa = XCConfigurationList;
			buildConfigurations = (
				6429C7BC225C52C400BA640C /* Debug */,
				6429C7BD225C52C400BA640C /* Release */,
			);
			defaultConfigurationIsVisible = 0;
			defaultConfigurationName = Release;
		};
		6429C7BE225C52C400BA640C /* Build configuration list for PBXNativeTarget "ParstagramTests" */ = {
			isa = XCConfigurationList;
			buildConfigurations = (
				6429C7BF225C52C400BA640C /* Debug */,
				6429C7C0225C52C400BA640C /* Release */,
			);
			defaultConfigurationIsVisible = 0;
			defaultConfigurationName = Release;
		};
		6429C7C1225C52C400BA640C /* Build configuration list for PBXNativeTarget "ParstagramUITests" */ = {
			isa = XCConfigurationList;
			buildConfigurations = (
				6429C7C2225C52C400BA640C /* Debug */,
				6429C7C3225C52C400BA640C /* Release */,
			);
			defaultConfigurationIsVisible = 0;
			defaultConfigurationName = Release;
		};
/* End XCConfigurationList section */
	};
	rootObject = 6429C78B225C52C100BA640C /* Project object */;
}
